
Microsoft Visual Studio Solution File, Format Version 12.00
# Visual Studio 2013
VisualStudioVersion = 12.0.21005.1
MinimumVisualStudioVersion = 10.0.40219.1
Project("{FAE04EC0-301F-11D3-BF4B-00C04F79EFBC}") = "ChatConsole", "ChatConsole\ChatConsole.csproj", "{DC5F69D5-6D44-4107-B145-6F674B45B69E}"
EndProject
Project("{FAE04EC0-301F-11D3-BF4B-00C04F79EFBC}") = "ChatLib", "ChatLib\ChatLib.csproj", "{118C2703-F806-429F-B0A5-A878928F99EE}"
EndProject
Project("{FAE04EC0-301F-11D3-BF4B-00C04F79EFBC}") = "ChatApp", "ChatApp\ChatApp.csproj", "{95548BC4-DA48-40E9-AC25-CE4F867B300A}"
EndProject
Global
	GlobalSection(SolutionConfigurationPlatforms) = preSolution
		Debug|Any CPU = Debug|Any CPU
		Release|Any CPU = Release|Any CPU
	EndGlobalSection
	GlobalSection(ProjectConfigurationPlatforms) = postSolution
		{DC5F69D5-6D44-4107-B145-6F674B45B69E}.Debug|Any CPU.ActiveCfg = Debug|Any CPU
		{DC5F69D5-6D44-4107-B145-6F674B45B69E}.Debug|Any CPU.Build.0 = Debug|Any CPU
		{DC5F69D5-6D44-4107-B145-6F674B45B69E}.Release|Any CPU.ActiveCfg = Release|Any CPU
		{DC5F69D5-6D44-4107-B145-6F674B45B69E}.Release|Any CPU.Build.0 = Release|Any CPU
		{118C2703-F806-429F-B0A5-A878928F99EE}.Debug|Any CPU.ActiveCfg = Debug|Any CPU
		{118C2703-F806-429F-B0A5-A878928F99EE}.Debug|Any CPU.Build.0 = Debug|Any CPU
		{118C2703-F806-429F-B0A5-A878928F99EE}.Release|Any CPU.ActiveCfg = Release|Any CPU
		{118C2703-F806-429F-B0A5-A878928F99EE}.Release|Any CPU.Build.0 = Release|Any CPU
		{95548BC4-DA48-40E9-AC25-CE4F867B300A}.Debug|Any CPU.ActiveCfg = Debug|Any CPU
		{95548BC4-DA48-40E9-AC25-CE4F867B300A}.Debug|Any CPU.Build.0 = Debug|Any CPU
		{95548BC4-DA48-40E9-AC25-CE4F867B300A}.Release|Any CPU.ActiveCfg = Release|Any CPU
		{95548BC4-DA48-40E9-AC25-CE4F867B300A}.Release|Any CPU.Build.0 = Release|Any CPU
	EndGlobalSection
	GlobalSection(SolutionProperties) = preSolution
		HideSolutionNode = FALSE
	EndGlobalSection
EndGlobal
